
Microsoft Visual Studio Solution File, Format Version 12.00
# Visual Studio 15
VisualStudioVersion = 15.0.28307.572
MinimumVisualStudioVersion = 10.0.40219.1
Project("{FAE04EC0-301F-11D3-BF4B-00C04F79EFBC}") = "BoilerLevel", "BoilerLevel\BoilerLevel.csproj", "{2DC9C0AB-160E-4BCF-9335-033FC4DA0ECF}"
EndProject
Global
	GlobalSection(SolutionConfigurationPlatforms) = preSolution
		Debug|Any CPU = Debug|Any CPU
		Release|Any CPU = Release|Any CPU
	EndGlobalSection
	GlobalSection(ProjectConfigurationPlatforms) = postSolution
		{2DC9C0AB-160E-4BCF-9335-033FC4DA0ECF}.Debug|Any CPU.ActiveCfg = Debug|Any CPU
		{2DC9C0AB-160E-4BCF-9335-033FC4DA0ECF}.Debug|Any CPU.Build.0 = Debug|Any CPU
		{2DC9C0AB-160E-4BCF-9335-033FC4DA0ECF}.Debug|Any CPU.Deploy.0 = Debug|Any CPU
		{2DC9C0AB-160E-4BCF-9335-033FC4DA0ECF}.Release|Any CPU.ActiveCfg = Release|Any CPU
		{2DC9C0AB-160E-4BCF-9335-033FC4DA0ECF}.Release|Any CPU.Build.0 = Release|Any CPU
		{2DC9C0AB-160E-4BCF-9335-033FC4DA0ECF}.Release|Any CPU.Deploy.0 = Release|Any CPU
	EndGlobalSection
	GlobalSection(SolutionProperties) = preSolution
		HideSolutionNode = FALSE
	EndGlobalSection
	GlobalSection(ExtensibilityGlobals) = postSolution
		SolutionGuid = {3E5153A7-25AE-4160-9BE7-3D9FFC38B0F3}
	EndGlobalSection
EndGlobal
